github.com/DataDog/datadog-go v0.0.0-20160329135253-cc2f4770f4d6 h1:veThyuVPIg0cAHly135Y+IW2ymFgZ1pftOyAVkqCoi8=
github.com/DataDog/datadog-go v0.0.0-20160329135253-cc2f4770f4d6/go.mod h1:LButxg5PwREeZtORoXG3tL4fMGNddJ+vMq1mwgfaqoQ=
github.com/aws/aws-sdk-go v1.4.1 h1:20HcJl5E1qA6AprNguTjgaN5ByPJh2Ec8MILpKhIpqM=
github.com/aws/aws-sdk-go v1.4.1/go.mod h1:ZRmQr0FajVIyZ4ZzBYKG5P3ZqPz9IHG41ZoMu1ADI3k=
github.com/bgentry/go-netrc v0.0.0-20140422174119-9fd32a8b3d3d/go.mod h1:6QX/PXZ00z/TKoufEY6K/a0k6AhaJrQKdFe6OfVXsa4=
github.com/bgentry/pflag v0.0.0-20140324094540-b008717215c7/go.mod h1:ba78cKoZSe4ZZBFkG9C7hdht0nVQpAaF1CG+gvdQrT0=
github.com/bgentry/speakeasy v0.0.0-20140428224849-48b5b9e3fedb/go.mod h1:+zsyZBPWlz7T6j88CTgSN5bM796AkVf0kBD4zp0CCIs=
github.com/bgentry/testnet v0.0.0-20131107221340-05450cdcf16c/go.mod h1:gWdCZ7eKIKORr885Z8ljiWnHJ7J/YZKKxrnW5GlJIQI=
github.com/cactus/go-statsd-client v3.1.0+incompatible h1:jtloShmaP/MkAW68aaWwQZrzlOUXVLudFmBQsskTs7A=
github.com/cactus/go-statsd-client v3.1.0+incompatible/go.mod h1:cMRcwZDklk7hXp+Law83urTHUiHMzCev/r4JMYr/zU0=
github.com/chzyer/readline v0.0.0-20160726135117-62c6fe619375/go.mod h1:nSuG5e5PlCu98SY8svDHJxuZscDgtXS6KTTbou5AhLI=
github.com/codegangsta/cli v0.0.0-20140923033435-f7ebb761e83e h1:6Bx8rcmh1Dx3cEWsj3iJdW5VUtAhIWI/s9LfWB00mIM=
github.com/codegangsta/cli v0.0.0-20140923033435-f7ebb761e83e/go.mod h1:/qJNoX69yVSKu5o4jLyXAENLRyk1uhi7zkbQ3slBdOA=
github.com/crewjam/errset v0.0.0-20160219153700-f78d65de925c h1:dCJ9oZ0VgnzJHR5BjkSrwkXA1USu483qlxBd0u29P8s=
github.com/crewjam/errset v0.0.0-20160219153700-f78d65de925c/go.mod h1:XhiWL7J86xoqJ8+x2OA+AM2l9skQP2DZ0UOXQYVg7uI=
github.com/crewjam/go-xmlsec v0.0.0-20160903233858-31c57ffee32d h1:+Aow/od6R75W2BPpTZqI6LL5jDprl2jAtoX0ZF8nEjo=
github.com/crewjam/go-xmlsec v0.0.0-20160903233858-31c57ffee32d/go.mod h1:M9eHnKpImgRwzOFdlFQnbgJRqFwW/eX1cKAVobv03uE=
github.com/davecgh/go-spew v1.1.1/go.mod h1:J7Y8YcW2NihsgmVo/mv3lAwl/skON4iLHjSsI+c5H38=
github.com/dgrijalva/jwt-go v0.0.0-20140915181121-c0da49162251 h1:QPTHbaVgkZ2NM+qL562pCPnOtwAPgGAr41A6I1zi2UM=
github.com/dgrijalva/jwt-go v0.0.0-20140915181121-c0da49162251/go.mod h1:E3ru+11k8xSBh+hMPgOLZmtrrCbhqsmaPHjLKYnJCaQ=
github.com/docker/docker v1.11.2 h1:dP8cwFNgDOkhwkQS8lkZEPqIXhRAh18PyvLNMppAQ8g=
github.com/docker/docker v1.11.2/go.mod h1:eEKB0N0r5NX/I1kEveEz05bcu8tLC/8azJZsviup8Sk=
github.com/docker/go-units v0.3.1 h1:QAFdsA6jLCnglbqE6mUsHuPcJlntY94DkxHf4deHKIU=
github.com/docker/go-units v0.3.1/go.mod h1:fgPhTUdO+D/Jk86RDLlptpiXQzgHJF7gydDDbaIK4Dk=
github.com/ejholmes/cloudwatch v0.0.0-20160209010147-301ca47d977c h1:PfZWFPhwGse9/V1ihcSXndMIaRvwpB/HXdloZ4OsBS0=
github.com/ejholmes/cloudwatch v0.0.0-20160209010147-301ca47d977c/go.mod h1:UTDblACfXP8/gUTLoJ1LKJIFXJHr5uHLRDkd6v7NxoE=
github.com/ejholmes/flock v0.0.0-20150228180620-3c37e99d21fd/go.mod h1:5qI/6OXvt2Q9Z5hT8o2f9i+jjdjwwN5mqBRFbw8+8HQ=
github.com/ejholmes/hookshot v0.0.0-20150722182347-4802bea38519 h1:eXs2ZwkchItwlNafbA2ZmJT6LuOhKdukhDRuvgdbRa0=
github.com/ejholmes/hookshot v0.0.0-20150722182347-4802bea38519/go.mod h1:O0zDXk9zfBJxmcrslnj/KUzvC82WjdkbfFeFhnh0brU=
github.com/ernesto-jimenez/go-querystring v0.0.0-20141109014217-a9b7f983e384 h1:W1mzXQ6NjoUyWNsWzZTX55Q3cossV0xUEf90mSAAKRs=
github.com/ernesto-jimenez/go-querystring v0.0.0-20141109014217-a9b7f983e384/go.mod h1:gMoldXg2GY6ZlzlUMyZfr5YIKzScjbRxx1/9i4N9R+E=
github.com/fsouza/go-dockerclient v0.0.0-20160624230725-1a3d0cfd7814 h1:FSgKZZ2VFfEZkvrRfZ5LmUEgVapd9pnam49bjbV6a7M=
github.com/fsouza/go-dockerclient v0.0.0-20160624230725-1a3d0cfd7814/go.mod h1:KpcjM623fQYE9MZiTGzKhjfxXAV9wbyX2C1cyRHfhl0=
github.com/go-ini/ini v0.0.0-20151124192405-03e0e7d51a13 h1:zDwSe7b591RHzaQyl3BSCEMZBvsj2DMUkQH66UW+AdE=
github.com/go-ini/ini v0.0.0-20151124192405-03e0e7d51a13/go.mod h1:ByCAeIL28uOIIG0E3PJtZPDL8WnHpFKFOtgjp+3Ies8=
github.com/go-sql-driver/mysql v0.0.0-20150219135347-7d52f0fc9e81 h1:MYY4wUZBmrsf319UVivP3Z5glQpvmWokcxEZTJ9xC1E=
github.com/go-sql-driver/mysql v0.0.0-20150219135347-7d52f0fc9e81/go.mod h1:zAC/RDZ24gD3HViQzih4MyKcchzm+sOG5ZlKdlhCg5w=
github.com/gocql/gocql v0.0.0-20150527092755-ec1f5626d698 h1:zpjSY24d+NTZP81xBH7QzBPbx/NXy8HkUpoYSkQMVes=
github.com/gocql/gocql v0.0.0-20150527092755-ec1f5626d698/go.mod h1:GjP0ITc4WbMO5dEWwikPqq0ZWbloAO6CO6g0VAK7tTc=
github.com/golang/groupcache v0.0.0-20140708213846-8b25adc0f626 h1:roQnNrhImES+8REa39Gs2e7ekdO2U4CiazRraeEcHhU=
github.com/golang/groupcache v0.0.0-20140708213846-8b25adc0f626/go.mod h1:cIg4eruTrX1D+g88fzRXU5OdNfaM+9IcxsU14FzY7Hc=
github.com/golang/snappy v0.0.0-20150514054436-a911026e1ffa h1:IZrG85Xx/x5H+itWjZQMN1UeteA6OvIwBWafq50lFtI=
github.com/golang/snappy v0.0.0-20150514054436-a911026e1ffa/go.mod h1:/XxbfmMg8lxefKM7IXC3fBNl/7bRcc72aCRzEWrmP2Q=
github.com/google/go-github v0.0.0-20150706211824-34fb8ee07214 h1:rvtau1NYKBlq3JFBifHh8mZW8T1oaWycEoHn56k+KRM=
github.com/google/go-github v0.0.0-20150706211824-34fb8ee07214/go.mod h1:zLgOLi98H3fifZn+44m+umXrS52loVEgC2AApnigrVQ=
github.com/google/go-querystring v0.0.0-20150414214848-547ef5ac9797 h1:XScp/7K55BJWgFeKalWP/2XvaRdhhhNJBOSQuFMS8mE=
github.com/google/go-querystring v0.0.0-20150414214848-547ef5ac9797/go.mod h1:odCYkC5MyYFN7vkCjXpyrEuKhc/BUO6wN/zVPAxq5ck=
github.com/gorilla/context v0.0.0-20141217160251-215affda49ad h1:wJwKN6X6iRRVnjdBgrkWjhBOvYm7yw5boqXwFUnBtbE=
github.com/gorilla/context v0.0.0-20141217160251-215affda49ad/go.mod h1:kBGZzfjB9CEq2AlWe17Uuf7NDRt0dE0s8S51q0aT7Yg=
github.com/gorilla/mux v0.0.0-20140926153814-e444e69cbd2e h1:nH09qCdJVZxw0nRVfm14xjXkw2puLyLPN56n4u+vTC0=
github.com/gorilla/mux v0.0.0-20140926153814-e444e69cbd2e/go.mod h1:1lud6UwP+6orDFRuTfBEV8e9/aOM/c4fVVCaMa2zaAs=
github.com/hashicorp/errwrap v0.0.0-20141028054710-7554cd9344ce h1:prjrVgOk2Yg6w+PflHoszQNLTUh4kaByUcEWM/9uin4=
github.com/hashicorp/errwrap v0.0.0-20141028054710-7554cd9344ce/go.mod h1:YH+1FKiLXxHSkmPseP+kNlulaMuP3n2brvKWEqk/Jc4=
github.com/hashicorp/go-cleanhttp v0.0.0-20160407174126-ad28ea4487f0 h1:2l0haPDqCzZEO160UR5DSrrl8RWptFCoxFsSbRLJBaI=
github.com/hashicorp/go-cleanhttp v0.0.0-20160407174126-ad28ea4487f0/go.mod h1:JpRdi6/HCYpAwUzNwuwqhbovhLtngrth3wmdIIUrZ80=
github.com/hashicorp/go-multierror v0.0.0-20150916205742-d30f09973e19 h1:gb61U/o4ZJ6TRYvZqJUKYidIhJOEAvNyVMesryROxAY=
github.com/hashicorp/go-multierror v0.0.0-20150916205742-d30f09973e19/go.mod h1:JMRHfdO9jKNzS/+BTlxCjKNQHg/jZAft8U7LloJvN7I=
github.com/inconshreveable/log15 v0.0.0-20150302051501-352fceb48e89 h1:XaJocp2tP0rSfGVRKhJvn3iwIBHYz9bAVHZPRI+Hdag=
github.com/inconshreveable/log15 v0.0.0-20150302051501-352fceb48e89/go.mod h1:cOaXtrgN4ScfRrD9Bre7U1thNq5RtJ8ZoP4iXVGRj6o=
github.com/jinzhu/gorm v0.0.0-20150422073822-3c2915a9dfaa h1:LZ/lWynYuod7ZnYXm4V/BittpUhne+XnkXfQ3W4mth0=
github.com/jinzhu/gorm v0.0.0-20150422073822-3c2915a9dfaa/go.mod h1:Vla75njaFJ8clLU1W44h34PjIkijhjHIYnZxMqCdxqo=
github.com/jmespath/go-jmespath v0.0.0-20160202185014-0b12d6b521d8 h1:12VvqtR6Aowv3l/EQUlocDHW2Cp4G9WJVH7uyH8QFJE=
github.com/jmespath/go-jmespath v0.0.0-20160202185014-0b12d6b521d8/go.mod h1:Nht3zPeWKUH0NzdCt2Blrr5ys8VGpn0CEB0cQHVjt7k=
github.com/joho/godotenv v0.0.0-20150907010228-4ed13390c0ac/go.mod h1:7hK45KPybAkOC6peb+G5yklZfMxEjkZhHbwpqxOKXbg=
github.com/joshk/pusher v0.0.0-20130925132008-011114c803b3 h1:aVSx5V2tH2SHXAVDr3al6tA9joYbg9iNoBINLieDGNg=
github.com/joshk/pusher v0.0.0-20130925132008-011114c803b3/go.mod h1:tPCk10ElxWbyNzPzCB5E5PZPy70mod5PX9cMQ/cqpjU=
github.com/konsorten/go-windows-terminal-sequences v1.0.1/go.mod h1:T0+1ngSBFLxvqU3pZ+m/2kptfBszLMUkC4ZK/EgS/cQ=
github.com/lib/pq v0.0.0-20150205084238-73672c224312 h1:V3CIN73PtqpRtjXKhyucbJ4IXbXyTa/Tl4Zsfv0jRXM=
github.com/lib/pq v0.0.0-20150205084238-73672c224312/go.mod h1:5WUZQaWbwv1U+lTReE5YruASi9Al49XbQIvNi/34Woo=
github.com/mattes/migrate v1.2.0 h1:7SvNbu7ircQGclHwkvwocJBQwHIr0bI2NKNxIZY22DY=
github.com/mattes/migrate v1.2.0/go.mod h1:LJcqgpj1jQoxv3m2VXd3drv0suK5CbN/RCX7MXwgnVI=
github.com/mattn/go-colorable v0.0.0-20150327010415-d67e0b7d1797 h1:HepjchBb6k74pgj/BbwOlPU1nToXi/DlYvqnOHdMcJA=
github.com/mattn/go-colorable v0.0.0-20150327010415-d67e0b7d1797/go.mod h1:9vuHe8Xs5qXnSaW/c/ABM9alt+Vo+STaOChaDxuIBZU=
github.com/mattn/go-shellwords v1.0.0 h1:xlTU5yhz4gG9QkPtaLZeDXCbsEkX+Ve2rxmVmG5PdSs=
github.com/mattn/go-shellwords v1.0.0/go.mod h1:3xCvwCdWdlDJUrvuMn7Wuy9eWs4pE8vqg+NOMyg4B2o=
github.com/mgutz/ansi v0.0.0-20130515065447-376eb392d7d7/go.mod h1:01TrycV0kFyexm33Z7vhZRXopbI8J3TDReVlkTgMUxE=
github.com/mitchellh/hashstructure v0.0.0-20160609170929-b098c52ef6be h1:ue7zT6Txd41NNjeOCBXGgwvTzxcAmyjLxPSURjhMOKI=
github.com/mitchellh/hashstructure v0.0.0-20160609170929-b098c52ef6be/go.mod h1:QjSHrPWS+BGUVBYkbTZWEnOh3G1DutKwClXU/ABz6AQ=
github.com/opencontainers/runc v0.0.0-20160624191023-629e35666d31 h1:DrqiJTlGNjS2q/YCav++pla1EAuZYfN/H+SkxRfTidU=
github.com/opencontainers/runc v0.0.0-20160624191023-629e35666d31/go.mod h1:qT5XzbpPznkRYVz/mWwUaVBUv2rmF59PVA73FjuZG0U=
github.com/pmezard/go-difflib v1.0.0/go.mod h1:iKH77koFhYxTK1pcRnkKkqfTogsbg7gZNVY4sRDYZ/4=
github.com/pmylund/go-cache v1.0.0 h1:jbJMNhn4LhBfb3dRejPlnjxSiokDt4qO5NWt8mMi+UE=
github.com/pmylund/go-cache v1.0.0/go.mod h1:hmz95dGvINpbRZGsqPcd7B5xXY5+EKb5PpGhQY3NTHk=
github.com/remind101/conveyor v0.0.0-20160209023232-5b863aa00964 h1:6gJUadFU1AbYmtA2L2XhwYIvVK1bYHzogAz4hpDOVKA=
github.com/remind101/conveyor v0.0.0-20160209023232-5b863aa00964/go.mod h1:jRo1KHZrZyuXwLh9wwMJoRGeiB+ByLjjRufpadWarFM=
github.com/remind101/kinesumer v0.0.0-20160623233746-1aebc6e37176 h1:fwTKwUeRtCwzkI6AnNBSlk/xiIY/xUKxlMJLmrkGqG4=
github.com/remind101/kinesumer v0.0.0-20160623233746-1aebc6e37176/go.mod h1:B3egGKFhm7lgaWkEGv6D2yOLlo+HQsmGOYVz6wjX9n8=
github.com/remind101/migrate v0.0.0-20160423010909-d22d647232c2 h1:h5IEBFEZEovRAIySMIF42u6vsRDFj4rWc69/yPXtha4=
github.com/remind101/migrate v0.0.0-20160423010909-d22d647232c2/go.mod h1:rhSvwcijY9wfmrBYrfCvapX8/xOTV46NAUjBRgUyJqc=
github.com/remind101/newrelic v0.0.0-20150529213318-04b4810fa8c0/go.mod h1:Yqm7hS5p6GFzFeXvUAR/WwH7ezcK+gSaI64SxK2amOU=
github.com/remind101/pkg v0.0.0-20150602050417-835283e5cf4b h1:h03YK6jc6xgipCDaHoiUDUpZ0Envdm2CBmvfpTOAn+o=
github.com/remind101/pkg v0.0.0-20150602050417-835283e5cf4b/go.mod h1:7rKhtS+DRJuWba9v+Fz7l68yz8itDWbLhGJKlO+tCn4=
github.com/remind101/tugboat v0.0.0-20160105215111-9655efe1fc24 h1:CFwvpX2zIOajMGdXHf2NmBlXfa72Ez/a5kih0/GtG8I=
github.com/remind101/tugboat v0.0.0-20160105215111-9655efe1fc24/go.mod h1:pPTFxjvmjr766Mu/bm9v0D+8eYeEMaKk47aFbb/XUGo=
github.com/sirupsen/logrus v1.4.0 h1:yKenngtzGh+cUSSh6GWbxW2abRqhYUSR/t/6+2QqNvE=
github.com/sirupsen/logrus v1.4.0/go.mod h1:LxeOpSwHxABJmUn/MG1IvRgCAasNZTLOkJPxbbu5VWo=
github.com/stretchr/objx v0.0.0-20140526180921-cbeaeb16a013/go.mod h1:HFkY916IF+rwdDfMAkV7OtwuqBVzrE8GR6GFx+wExME=
github.com/stretchr/objx v0.1.1/go.mod h1:HFkY916IF+rwdDfMAkV7OtwuqBVzrE8GR6GFx+wExME=
github.com/stretchr/testify v0.0.0-20160504130155-6cb3b85ef5a0/go.mod h1:a8OnRcib4nhh0OaRAV+Yts87kKdq0PP7pXfy6kDkUVs=
github.com/stretchr/testify v1.2.2/go.mod h1:a8OnRcib4nhh0OaRAV+Yts87kKdq0PP7pXfy6kDkUVs=
golang.org/x/crypto v0.0.0-20180904163835-0709b304e793 h1:u+LnwYTOOW7Ukr/fppxEb1Nwz0AtPflrblfvUudpo+I=
golang.org/x/crypto v0.0.0-20180904163835-0709b304e793/go.mod h1:6SG95UA2DQfeDnfUPMdvaQW0Q7yPrPDi9nlGo2tz2b4=
golang.org/x/net v0.0.0-20181011144130-49bb7cea24b1 h1:Y/KGZSOdz/2r0WJ9Mkmz6NJBusp0kiNx1Cn82lzJQ6w=
golang.org/x/net v0.0.0-20181011144130-49bb7cea24b1/go.mod h1:mL1N/T3taQHkDXs73rZJwtUhF3w3ftmwwsq0BUmARs4=
golang.org/x/oauth2 v0.0.0-20150701215807-8914e5017ca2 h1:ZikQAmgyHmMDHK2vNP/PXlnoGRs33LJW5541Ye1ZDS0=
golang.org/x/oauth2 v0.0.0-20150701215807-8914e5017ca2/go.mod h1:N/0e6XlmueqKjAGxoOufVs8QHGRruUQn6yWY3a++T0U=
golang.org/x/sys v0.0.0-20180905080454-ebe1bf3edb33 h1:I6FyU15t786LL7oL/hn43zqTuEGr4PN7F4XJ1p4E3Y8=
golang.org/x/sys v0.0.0-20180905080454-ebe1bf3edb33/go.mod h1:STP8DvDyc/dI5b8T5hshtkjS+E42TnysNCUPdjciGhY=
golang.org/x/text v0.0.0-20181010134911-4d1c5fb19474/go.mod h1:bEr9sfX3Q8Zfm5fL9x+3itogRgK3+ptLWKqgva+5dAk=
golang.org/x/tools v0.0.0-20180917221912-90fa682c2a6e/go.mod h1:n7NCudcB/nEzxVGmLbDWY5pfWTLqBcC2KZ6jyYvM4mQ=
gopkg.in/check.v1 v1.0.0-20160105164936-4f90aeace3a2/go.mod h1:Co6ibVJAznAaIkqp8huTwlJQCZ016jof/cbN4VW5Yz0=
gopkg.in/gorp.v1 v1.7.1 h1:GBB9KrWRATQZh95HJyVGUZrWwOPswitEYEyqlK8JbAA=
gopkg.in/gorp.v1 v1.7.1/go.mod h1:Wo3h+DBQZIxATwftsglhdD/62zRFPhGhTiu5jUJmCaw=
gopkg.in/yaml.v2 v2.0.0-20150119185552-5d6f7e02b7cd h1:E8ooGqG3QMm/WDpcDFc3/cFSUnWCLEKztgrLPfhPEWw=
gopkg.in/yaml.v2 v2.0.0-20150119185552-5d6f7e02b7cd/go.mod h1:JAlM8MvJe8wmxCU4Bli9HhUf9+ttbYbLASfIpnQbh74=
